// !$*UTF8*$!
{
	archiveVersion = 1;
	classes = {
	};
	objectVersion = 50;
	objects = {

/* Begin PBXBuildFile section */
		9070C5C8220F6077006872E1 /* AppDelegate.swift in Sources */ = {isa = PBXBuildFile; fileRef = 9070C5C7220F6077006872E1 /* AppDelegate.swift */; };
		9070C5D0220F6077006872E1 /* recPag.xcdatamodeld in Sources */ = {isa = PBXBuildFile; fileRef = 9070C5CE220F6077006872E1 /* recPag.xcdatamodeld */; };
		9070C5D2220F6078006872E1 /* Assets.xcassets in Resources */ = {isa = PBXBuildFile; fileRef = 9070C5D1220F6078006872E1 /* Assets.xcassets */; };
		9070C5D5220F6078006872E1 /* LaunchScreen.storyboard in Resources */ = {isa = PBXBuildFile; fileRef = 9070C5D3220F6078006872E1 /* LaunchScreen.storyboard */; };
		9070C5E1220F6166006872E1 /* SplashViewController.swift in Sources */ = {isa = PBXBuildFile; fileRef = 9070C5DF220F6166006872E1 /* SplashViewController.swift */; };
		9070C5E2220F6166006872E1 /* SplashViewController.xib in Resources */ = {isa = PBXBuildFile; fileRef = 9070C5E0220F6166006872E1 /* SplashViewController.xib */; };
		9070C5E9220F6F1C006872E1 /* MainViewController.swift in Sources */ = {isa = PBXBuildFile; fileRef = 9070C5E7220F6F1C006872E1 /* MainViewController.swift */; };
		9070C5EA220F6F1C006872E1 /* MainViewController.xib in Resources */ = {isa = PBXBuildFile; fileRef = 9070C5E8220F6F1C006872E1 /* MainViewController.xib */; };
		9070C5ED220F7027006872E1 /* MainCollectionViewCell.swift in Sources */ = {isa = PBXBuildFile; fileRef = 9070C5EB220F7027006872E1 /* MainCollectionViewCell.swift */; };
		9070C5EE220F7027006872E1 /* MainCollectionViewCell.xib in Resources */ = {isa = PBXBuildFile; fileRef = 9070C5EC220F7027006872E1 /* MainCollectionViewCell.xib */; };
		9070C5F1220F71C3006872E1 /* Icon.swift in Sources */ = {isa = PBXBuildFile; fileRef = 9070C5F0220F71C3006872E1 /* Icon.swift */; };
		9070C5F4220F7314006872E1 /* UICollectionViewCell.swift in Sources */ = {isa = PBXBuildFile; fileRef = 9070C5F3220F7314006872E1 /* UICollectionViewCell.swift */; };
		9070C5F8220F7508006872E1 /* UICollectionView.swift in Sources */ = {isa = PBXBuildFile; fileRef = 9070C5F7220F7508006872E1 /* UICollectionView.swift */; };
		9070C5FA220F77E5006872E1 /* UIView.swift in Sources */ = {isa = PBXBuildFile; fileRef = 9070C5F9220F77E5006872E1 /* UIView.swift */; };
		9070C5FD220FA0F8006872E1 /* MainTableViewCell.swift in Sources */ = {isa = PBXBuildFile; fileRef = 9070C5FB220FA0F8006872E1 /* MainTableViewCell.swift */; };
		9070C5FE220FA0F8006872E1 /* MainTableViewCell.xib in Resources */ = {isa = PBXBuildFile; fileRef = 9070C5FC220FA0F8006872E1 /* MainTableViewCell.xib */; };
		9070C606220FA98B006872E1 /* Font.swift in Sources */ = {isa = PBXBuildFile; fileRef = 9070C605220FA98B006872E1 /* Font.swift */; };
		9070C60A220FAADA006872E1 /* Montserrat-Bold.ttf in Resources */ = {isa = PBXBuildFile; fileRef = 9070C602220FA931006872E1 /* Montserrat-Bold.ttf */; };
		9070C60B220FAADA006872E1 /* Montserrat-Medium.ttf in Resources */ = {isa = PBXBuildFile; fileRef = 9070C603220FA931006872E1 /* Montserrat-Medium.ttf */; };
		9070C60C220FAADA006872E1 /* Montserrat-Regular.ttf in Resources */ = {isa = PBXBuildFile; fileRef = 9070C604220FA931006872E1 /* Montserrat-Regular.ttf */; };
		9070C60E220FAC75006872E1 /* UILabel.swift in Sources */ = {isa = PBXBuildFile; fileRef = 9070C60D220FAC75006872E1 /* UILabel.swift */; };
		9070C610220FACAF006872E1 /* UITableViewCell.swift in Sources */ = {isa = PBXBuildFile; fileRef = 9070C60F220FACAF006872E1 /* UITableViewCell.swift */; };
		9070C612220FACD0006872E1 /* UITableView.swift in Sources */ = {isa = PBXBuildFile; fileRef = 9070C611220FACD0006872E1 /* UITableView.swift */; };
		9070C614220FAE5B006872E1 /* Menu.swift in Sources */ = {isa = PBXBuildFile; fileRef = 9070C613220FAE5B006872E1 /* Menu.swift */; };
		9070C616220FAFD4006872E1 /* Color.swift in Sources */ = {isa = PBXBuildFile; fileRef = 9070C615220FAFD4006872E1 /* Color.swift */; };
		9070C618220FB3D5006872E1 /* String.swift in Sources */ = {isa = PBXBuildFile; fileRef = 9070C617220FB3D5006872E1 /* String.swift */; };
		9070C61A220FB435006872E1 /* Localized.swift in Sources */ = {isa = PBXBuildFile; fileRef = 9070C619220FB435006872E1 /* Localized.swift */; };
		9070C61D220FB4BE006872E1 /* Localizable.strings in Resources */ = {isa = PBXBuildFile; fileRef = 9070C61F220FB4BE006872E1 /* Localizable.strings */; };
		9070C625220FC278006872E1 /* SaleViewController.swift in Sources */ = {isa = PBXBuildFile; fileRef = 9070C623220FC278006872E1 /* SaleViewController.swift */; };
		9070C626220FC278006872E1 /* SaleViewController.xib in Resources */ = {isa = PBXBuildFile; fileRef = 9070C624220FC278006872E1 /* SaleViewController.xib */; };
		9070C628220FDE32006872E1 /* UIViewController.swift in Sources */ = {isa = PBXBuildFile; fileRef = 9070C627220FDE32006872E1 /* UIViewController.swift */; };
		9070C62C220FE3D7006872E1 /* CameraViewController.swift in Sources */ = {isa = PBXBuildFile; fileRef = 9070C62A220FE3D7006872E1 /* CameraViewController.swift */; };
		9070C62D220FE3D7006872E1 /* CameraViewController.xib in Resources */ = {isa = PBXBuildFile; fileRef = 9070C62B220FE3D7006872E1 /* CameraViewController.xib */; };
		9070C630220FE46A006872E1 /* StreamDelegate.swift in Sources */ = {isa = PBXBuildFile; fileRef = 9070C62F220FE46A006872E1 /* StreamDelegate.swift */; };
		9070C639220FF0E4006872E1 /* UIImageView.swift in Sources */ = {isa = PBXBuildFile; fileRef = 9070C638220FF0E4006872E1 /* UIImageView.swift */; };
		9070C63C22100D30006872E1 /* Payment.swift in Sources */ = {isa = PBXBuildFile; fileRef = 9070C63B22100D30006872E1 /* Payment.swift */; };
		9070C63E22101889006872E1 /* Requester.swift in Sources */ = {isa = PBXBuildFile; fileRef = 9070C63D22101889006872E1 /* Requester.swift */; };
		9070C64222101FA1006872E1 /* Constants.swift in Sources */ = {isa = PBXBuildFile; fileRef = 9070C64122101FA1006872E1 /* Constants.swift */; };
		907865BF22103C44005BA78B /* HistoricTableViewController.swift in Sources */ = {isa = PBXBuildFile; fileRef = 907865BE22103C44005BA78B /* HistoricTableViewController.swift */; };
		907865C122103DAE005BA78B /* Transaction.swift in Sources */ = {isa = PBXBuildFile; fileRef = 907865C022103DAE005BA78B /* Transaction.swift */; };
		907865C422103E29005BA78B /* HistoricTableViewCell.swift in Sources */ = {isa = PBXBuildFile; fileRef = 907865C222103E29005BA78B /* HistoricTableViewCell.swift */; };
		907865C522103E29005BA78B /* HistoricTableViewCell.xib in Resources */ = {isa = PBXBuildFile; fileRef = 907865C322103E29005BA78B /* HistoricTableViewCell.xib */; };
/* End PBXBuildFile section */

/* Begin PBXFileReference section */
		9070C5C4220F6077006872E1 /* recPag.app */ = {isa = PBXFileReference; explicitFileType = wrapper.application; includeInIndex = 0; path = recPag.app; sourceTree = BUILT_PRODUCTS_DIR; };
		9070C5C7220F6077006872E1 /* AppDelegate.swift */ = {isa = PBXFileReference; lastKnownFileType = sourcecode.swift; path = AppDelegate.swift; sourceTree = "<group>"; };
		9070C5CF220F6077006872E1 /* recPag.xcdatamodel */ = {isa = PBXFileReference; lastKnownFileType = wrapper.xcdatamodel; path = recPag.xcdatamodel; sourceTree = "<group>"; };
		9070C5D1220F6078006872E1 /* Assets.xcassets */ = {isa = PBXFileReference; lastKnownFileType = folder.assetcatalog; path = Assets.xcassets; sourceTree = "<group>"; };
		9070C5D4220F6078006872E1 /* Base */ = {isa = PBXFileReference; lastKnownFileType = file.storyboard; name = Base; path = Base.lproj/LaunchScreen.storyboard; sourceTree = "<group>"; };
		9070C5D6220F6078006872E1 /* Info.plist */ = {isa = PBXFileReference; lastKnownFileType = text.plist.xml; path = Info.plist; sourceTree = "<group>"; };
		9070C5DF220F6166006872E1 /* SplashViewController.swift */ = {isa = PBXFileReference; lastKnownFileType = sourcecode.swift; path = SplashViewController.swift; sourceTree = "<group>"; };
		9070C5E0220F6166006872E1 /* SplashViewController.xib */ = {isa = PBXFileReference; lastKnownFileType = file.xib; path = SplashViewController.xib; sourceTree = "<group>"; };
		9070C5E7220F6F1C006872E1 /* MainViewController.swift */ = {isa = PBXFileReference; lastKnownFileType = sourcecode.swift; path = MainViewController.swift; sourceTree = "<group>"; };
		9070C5E8220F6F1C006872E1 /* MainViewController.xib */ = {isa = PBXFileReference; lastKnownFileType = file.xib; path = MainViewController.xib; sourceTree = "<group>"; };
		9070C5EB220F7027006872E1 /* MainCollectionViewCell.swift */ = {isa = PBXFileReference; lastKnownFileType = sourcecode.swift; path = MainCollectionViewCell.swift; sourceTree = "<group>"; };
		9070C5EC220F7027006872E1 /* MainCollectionViewCell.xib */ = {isa = PBXFileReference; lastKnownFileType = file.xib; path = MainCollectionViewCell.xib; sourceTree = "<group>"; };
		9070C5F0220F71C3006872E1 /* Icon.swift */ = {isa = PBXFileReference; lastKnownFileType = sourcecode.swift; path = Icon.swift; sourceTree = "<group>"; };
		9070C5F3220F7314006872E1 /* UICollectionViewCell.swift */ = {isa = PBXFileReference; lastKnownFileType = sourcecode.swift; path = UICollectionViewCell.swift; sourceTree = "<group>"; };
		9070C5F7220F7508006872E1 /* UICollectionView.swift */ = {isa = PBXFileReference; lastKnownFileType = sourcecode.swift; path = UICollectionView.swift; sourceTree = "<group>"; };
		9070C5F9220F77E5006872E1 /* UIView.swift */ = {isa = PBXFileReference; lastKnownFileType = sourcecode.swift; path = UIView.swift; sourceTree = "<group>"; };
		9070C5FB220FA0F8006872E1 /* MainTableViewCell.swift */ = {isa = PBXFileReference; lastKnownFileType = sourcecode.swift; path = MainTableViewCell.swift; sourceTree = "<group>"; };
		9070C5FC220FA0F8006872E1 /* MainTableViewCell.xib */ = {isa = PBXFileReference; lastKnownFileType = file.xib; path = MainTableViewCell.xib; sourceTree = "<group>"; };
		9070C602220FA931006872E1 /* Montserrat-Bold.ttf */ = {isa = PBXFileReference; lastKnownFileType = file; path = "Montserrat-Bold.ttf"; sourceTree = "<group>"; };
		9070C603220FA931006872E1 /* Montserrat-Medium.ttf */ = {isa = PBXFileReference; lastKnownFileType = file; path = "Montserrat-Medium.ttf"; sourceTree = "<group>"; };
		9070C604220FA931006872E1 /* Montserrat-Regular.ttf */ = {isa = PBXFileReference; lastKnownFileType = file; path = "Montserrat-Regular.ttf"; sourceTree = "<group>"; };
		9070C605220FA98B006872E1 /* Font.swift */ = {isa = PBXFileReference; lastKnownFileType = sourcecode.swift; path = Font.swift; sourceTree = "<group>"; };
		9070C60D220FAC75006872E1 /* UILabel.swift */ = {isa = PBXFileReference; lastKnownFileType = sourcecode.swift; path = UILabel.swift; sourceTree = "<group>"; };
		9070C60F220FACAF006872E1 /* UITableViewCell.swift */ = {isa = PBXFileReference; lastKnownFileType = sourcecode.swift; path = UITableViewCell.swift; sourceTree = "<group>"; };
		9070C611220FACD0006872E1 /* UITableView.swift */ = {isa = PBXFileReference; lastKnownFileType = sourcecode.swift; path = UITableView.swift; sourceTree = "<group>"; };
		9070C613220FAE5B006872E1 /* Menu.swift */ = {isa = PBXFileReference; lastKnownFileType = sourcecode.swift; path = Menu.swift; sourceTree = "<group>"; };
		9070C615220FAFD4006872E1 /* Color.swift */ = {isa = PBXFileReference; lastKnownFileType = sourcecode.swift; path = Color.swift; sourceTree = "<group>"; };
		9070C617220FB3D5006872E1 /* String.swift */ = {isa = PBXFileReference; lastKnownFileType = sourcecode.swift; path = String.swift; sourceTree = "<group>"; };
		9070C619220FB435006872E1 /* Localized.swift */ = {isa = PBXFileReference; lastKnownFileType = sourcecode.swift; path = Localized.swift; sourceTree = "<group>"; };
		9070C61E220FB4BE006872E1 /* en */ = {isa = PBXFileReference; lastKnownFileType = text.plist.strings; name = en; path = en.lproj/Localizable.strings; sourceTree = "<group>"; };
		9070C620220FB4D4006872E1 /* pt-BR */ = {isa = PBXFileReference; lastKnownFileType = text.plist.strings; name = "pt-BR"; path = "pt-BR.lproj/Localizable.strings"; sourceTree = "<group>"; };
		9070C623220FC278006872E1 /* SaleViewController.swift */ = {isa = PBXFileReference; lastKnownFileType = sourcecode.swift; path = SaleViewController.swift; sourceTree = "<group>"; };
		9070C624220FC278006872E1 /* SaleViewController.xib */ = {isa = PBXFileReference; lastKnownFileType = file.xib; path = SaleViewController.xib; sourceTree = "<group>"; };
		9070C627220FDE32006872E1 /* UIViewController.swift */ = {isa = PBXFileReference; lastKnownFileType = sourcecode.swift; path = UIViewController.swift; sourceTree = "<group>"; };
		9070C62A220FE3D7006872E1 /* CameraViewController.swift */ = {isa = PBXFileReference; lastKnownFileType = sourcecode.swift; path = CameraViewController.swift; sourceTree = "<group>"; };
		9070C62B220FE3D7006872E1 /* CameraViewController.xib */ = {isa = PBXFileReference; lastKnownFileType = file.xib; path = CameraViewController.xib; sourceTree = "<group>"; };
		9070C62F220FE46A006872E1 /* StreamDelegate.swift */ = {isa = PBXFileReference; lastKnownFileType = sourcecode.swift; path = StreamDelegate.swift; sourceTree = "<group>"; };
		9070C638220FF0E4006872E1 /* UIImageView.swift */ = {isa = PBXFileReference; lastKnownFileType = sourcecode.swift; path = UIImageView.swift; sourceTree = "<group>"; };
		9070C63B22100D30006872E1 /* Payment.swift */ = {isa = PBXFileReference; lastKnownFileType = sourcecode.swift; path = Payment.swift; sourceTree = "<group>"; };
		9070C63D22101889006872E1 /* Requester.swift */ = {isa = PBXFileReference; lastKnownFileType = sourcecode.swift; path = Requester.swift; sourceTree = "<group>"; };
		9070C64122101FA1006872E1 /* Constants.swift */ = {isa = PBXFileReference; lastKnownFileType = sourcecode.swift; path = Constants.swift; sourceTree = "<group>"; };
		907865BE22103C44005BA78B /* HistoricTableViewController.swift */ = {isa = PBXFileReference; lastKnownFileType = sourcecode.swift; path = HistoricTableViewController.swift; sourceTree = "<group>"; };
		907865C022103DAE005BA78B /* Transaction.swift */ = {isa = PBXFileReference; lastKnownFileType = sourcecode.swift; path = Transaction.swift; sourceTree = "<group>"; };
		907865C222103E29005BA78B /* HistoricTableViewCell.swift */ = {isa = PBXFileReference; lastKnownFileType = sourcecode.swift; path = HistoricTableViewCell.swift; sourceTree = "<group>"; };
		907865C322103E29005BA78B /* HistoricTableViewCell.xib */ = {isa = PBXFileReference; lastKnownFileType = file.xib; path = HistoricTableViewCell.xib; sourceTree = "<group>"; };
/* End PBXFileReference section */

/* Begin PBXFrameworksBuildPhase section */
		9070C5C1220F6077006872E1 /* Frameworks */ = {
			isa = PBXFrameworksBuildPhase;
			buildActionMask = 2147483647;
			files = (
			);
			runOnlyForDeploymentPostprocessing = 0;
		};
/* End PBXFrameworksBuildPhase section */

/* Begin PBXGroup section */
		9070C5BB220F6077006872E1 = {
			isa = PBXGroup;
			children = (
				9070C5DC220F6117006872E1 /* General */,
				9070C5C6220F6077006872E1 /* recPag */,
				9070C5C5220F6077006872E1 /* Products */,
			);
			sourceTree = "<group>";
		};
		9070C5C5220F6077006872E1 /* Products */ = {
			isa = PBXGroup;
			children = (
				9070C5C4220F6077006872E1 /* recPag.app */,
			);
			name = Products;
			sourceTree = "<group>";
		};
		9070C5C6220F6077006872E1 /* recPag */ = {
			isa = PBXGroup;
			children = (
				9070C5C7220F6077006872E1 /* AppDelegate.swift */,
				9070C5D1220F6078006872E1 /* Assets.xcassets */,
				9070C5D3220F6078006872E1 /* LaunchScreen.storyboard */,
				9070C5D6220F6078006872E1 /* Info.plist */,
				9070C5CE220F6077006872E1 /* recPag.xcdatamodeld */,
				9070C61F220FB4BE006872E1 /* Localizable.strings */,
			);
			path = recPag;
			sourceTree = "<group>";
		};
		9070C5DC220F6117006872E1 /* General */ = {
			isa = PBXGroup;
			children = (
				9070C63A22100D1B006872E1 /* Entity */,
				9070C62E220FE45B006872E1 /* Protocol */,
				9070C600220FA885006872E1 /* Resources */,
				9070C5F2220F72FD006872E1 /* Extension */,
				9070C5EF220F71AB006872E1 /* Utility */,
				9070C5DD220F6127006872E1 /* View */,
			);
			path = General;
			sourceTree = "<group>";
		};
		9070C5DD220F6127006872E1 /* View */ = {
			isa = PBXGroup;
			children = (
				907865B922103BB2005BA78B /* Historic */,
				9070C629220FE3C4006872E1 /* Camera */,
				9070C622220FC198006872E1 /* Sale */,
				9070C5E6220F6EF3006872E1 /* Main */,
				9070C5DE220F614B006872E1 /* Splash */,
			);
			path = View;
			sourceTree = "<group>";
		};
		9070C5DE220F614B006872E1 /* Splash */ = {
			isa = PBXGroup;
			children = (
				9070C5DF220F6166006872E1 /* SplashViewController.swift */,
				9070C5E0220F6166006872E1 /* SplashViewController.xib */,
			);
			path = Splash;
			sourceTree = "<group>";
		};
		9070C5E6220F6EF3006872E1 /* Main */ = {
			isa = PBXGroup;
			children = (
				9070C5E7220F6F1C006872E1 /* MainViewController.swift */,
				9070C5E8220F6F1C006872E1 /* MainViewController.xib */,
				9070C5EB220F7027006872E1 /* MainCollectionViewCell.swift */,
				9070C5EC220F7027006872E1 /* MainCollectionViewCell.xib */,
				9070C5FB220FA0F8006872E1 /* MainTableViewCell.swift */,
				9070C5FC220FA0F8006872E1 /* MainTableViewCell.xib */,
			);
			path = Main;
			sourceTree = "<group>";
		};
		9070C5EF220F71AB006872E1 /* Utility */ = {
			isa = PBXGroup;
			children = (
				9070C5F0220F71C3006872E1 /* Icon.swift */,
				9070C605220FA98B006872E1 /* Font.swift */,
				9070C613220FAE5B006872E1 /* Menu.swift */,
				9070C615220FAFD4006872E1 /* Color.swift */,
				9070C619220FB435006872E1 /* Localized.swift */,
				9070C63D22101889006872E1 /* Requester.swift */,
				9070C64122101FA1006872E1 /* Constants.swift */,
			);
			path = Utility;
			sourceTree = "<group>";
		};
		9070C5F2220F72FD006872E1 /* Extension */ = {
			isa = PBXGroup;
			children = (
				9070C5F3220F7314006872E1 /* UICollectionViewCell.swift */,
				9070C627220FDE32006872E1 /* UIViewController.swift */,
				9070C5F7220F7508006872E1 /* UICollectionView.swift */,
				9070C60F220FACAF006872E1 /* UITableViewCell.swift */,
				9070C611220FACD0006872E1 /* UITableView.swift */,
				9070C5F9220F77E5006872E1 /* UIView.swift */,
				9070C60D220FAC75006872E1 /* UILabel.swift */,
				9070C617220FB3D5006872E1 /* String.swift */,
				9070C638220FF0E4006872E1 /* UIImageView.swift */,
			);
			path = Extension;
			sourceTree = "<group>";
		};
		9070C600220FA885006872E1 /* Resources */ = {
			isa = PBXGroup;
			children = (
				9070C601220FA899006872E1 /* Fonts */,
			);
			path = Resources;
			sourceTree = "<group>";
		};
		9070C601220FA899006872E1 /* Fonts */ = {
			isa = PBXGroup;
			children = (
				9070C602220FA931006872E1 /* Montserrat-Bold.ttf */,
				9070C603220FA931006872E1 /* Montserrat-Medium.ttf */,
				9070C604220FA931006872E1 /* Montserrat-Regular.ttf */,
			);
			path = Fonts;
			sourceTree = "<group>";
		};
		9070C622220FC198006872E1 /* Sale */ = {
			isa = PBXGroup;
			children = (
				9070C623220FC278006872E1 /* SaleViewController.swift */,
				9070C624220FC278006872E1 /* SaleViewController.xib */,
			);
			path = Sale;
			sourceTree = "<group>";
		};
		9070C629220FE3C4006872E1 /* Camera */ = {
			isa = PBXGroup;
			children = (
				9070C62A220FE3D7006872E1 /* CameraViewController.swift */,
				9070C62B220FE3D7006872E1 /* CameraViewController.xib */,
			);
			path = Camera;
			sourceTree = "<group>";
		};
		9070C62E220FE45B006872E1 /* Protocol */ = {
			isa = PBXGroup;
			children = (
				9070C62F220FE46A006872E1 /* StreamDelegate.swift */,
			);
			path = Protocol;
			sourceTree = "<group>";
		};
		9070C63A22100D1B006872E1 /* Entity */ = {
			isa = PBXGroup;
			children = (
				9070C63B22100D30006872E1 /* Payment.swift */,
				907865C022103DAE005BA78B /* Transaction.swift */,
			);
			path = Entity;
			sourceTree = "<group>";
		};
		907865B922103BB2005BA78B /* Historic */ = {
			isa = PBXGroup;
			children = (
				907865BE22103C44005BA78B /* HistoricTableViewController.swift */,
				907865C222103E29005BA78B /* HistoricTableViewCell.swift */,
				907865C322103E29005BA78B /* HistoricTableViewCell.xib */,
			);
			path = Historic;
			sourceTree = "<group>";
		};
/* End PBXGroup section */

/* Begin PBXNativeTarget section */
		9070C5C3220F6077006872E1 /* recPag */ = {
			isa = PBXNativeTarget;
			buildConfigurationList = 9070C5D9220F6078006872E1 /* Build configuration list for PBXNativeTarget "recPag" */;
			buildPhases = (
				9070C5C0220F6077006872E1 /* Sources */,
				9070C5C1220F6077006872E1 /* Frameworks */,
				9070C5C2220F6077006872E1 /* Resources */,
			);
			buildRules = (
			);
			dependencies = (
			);
			name = recPag;
			productName = recPag;
			productReference = 9070C5C4220F6077006872E1 /* recPag.app */;
			productType = "com.apple.product-type.application";
		};
/* End PBXNativeTarget section */

/* Begin PBXProject section */
		9070C5BC220F6077006872E1 /* Project object */ = {
			isa = PBXProject;
			attributes = {
				LastSwiftUpdateCheck = 1010;
				LastUpgradeCheck = 1010;
				ORGANIZATIONNAME = "Isaac Douglas";
				TargetAttributes = {
					9070C5C3220F6077006872E1 = {
						CreatedOnToolsVersion = 10.1;
					};
				};
			};
			buildConfigurationList = 9070C5BF220F6077006872E1 /* Build configuration list for PBXProject "recPag" */;
			compatibilityVersion = "Xcode 9.3";
			developmentRegion = en;
			hasScannedForEncodings = 0;
			knownRegions = (
				en,
				Base,
				"pt-BR",
			);
			mainGroup = 9070C5BB220F6077006872E1;
			productRefGroup = 9070C5C5220F6077006872E1 /* Products */;
			projectDirPath = "";
			projectRoot = "";
			targets = (
				9070C5C3220F6077006872E1 /* recPag */,
			);
		};
/* End PBXProject section */

/* Begin PBXResourcesBuildPhase section */
		9070C5C2220F6077006872E1 /* Resources */ = {
			isa = PBXResourcesBuildPhase;
			buildActionMask = 2147483647;
			files = (
				9070C60A220FAADA006872E1 /* Montserrat-Bold.ttf in Resources */,
				907865C522103E29005BA78B /* HistoricTableViewCell.xib in Resources */,
				9070C60B220FAADA006872E1 /* Montserrat-Medium.ttf in Resources */,
				9070C626220FC278006872E1 /* SaleViewController.xib in Resources */,
				9070C60C220FAADA006872E1 /* Montserrat-Regular.ttf in Resources */,
				9070C5FE220FA0F8006872E1 /* MainTableViewCell.xib in Resources */,
				9070C5D5220F6078006872E1 /* LaunchScreen.storyboard in Resources */,
				9070C61D220FB4BE006872E1 /* Localizable.strings in Resources */,
				9070C5E2220F6166006872E1 /* SplashViewController.xib in Resources */,
				9070C5D2220F6078006872E1 /* Assets.xcassets in Resources */,
				9070C62D220FE3D7006872E1 /* CameraViewController.xib in Resources */,
				9070C5EE220F7027006872E1 /* MainCollectionViewCell.xib in Resources */,
				9070C5EA220F6F1C006872E1 /* MainViewController.xib in Resources */,
			);
			runOnlyForDeploymentPostprocessing = 0;
		};
/* End PBXResourcesBuildPhase section */

/* Begin PBXSourcesBuildPhase section */
		9070C5C0220F6077006872E1 /* Sources */ = {
			isa = PBXSourcesBuildPhase;
			buildActionMask = 2147483647;
			files = (
				9070C5F1220F71C3006872E1 /* Icon.swift in Sources */,
				9070C5F4220F7314006872E1 /* UICollectionViewCell.swift in Sources */,
				9070C5E1220F6166006872E1 /* SplashViewController.swift in Sources */,
				907865BF22103C44005BA78B /* HistoricTableViewController.swift in Sources */,
				9070C625220FC278006872E1 /* SaleViewController.swift in Sources */,
				9070C630220FE46A006872E1 /* StreamDelegate.swift in Sources */,
				9070C5D0220F6077006872E1 /* recPag.xcdatamodeld in Sources */,
				9070C5FD220FA0F8006872E1 /* MainTableViewCell.swift in Sources */,
				9070C64222101FA1006872E1 /* Constants.swift in Sources */,
				9070C616220FAFD4006872E1 /* Color.swift in Sources */,
				9070C63E22101889006872E1 /* Requester.swift in Sources */,
				9070C5ED220F7027006872E1 /* MainCollectionViewCell.swift in Sources */,
				9070C5C8220F6077006872E1 /* AppDelegate.swift in Sources */,
				9070C5F8220F7508006872E1 /* UICollectionView.swift in Sources */,
				907865C122103DAE005BA78B /* Transaction.swift in Sources */,
				9070C606220FA98B006872E1 /* Font.swift in Sources */,
				9070C62C220FE3D7006872E1 /* CameraViewController.swift in Sources */,
				9070C614220FAE5B006872E1 /* Menu.swift in Sources */,
				9070C5FA220F77E5006872E1 /* UIView.swift in Sources */,
				9070C639220FF0E4006872E1 /* UIImageView.swift in Sources */,
				9070C63C22100D30006872E1 /* Payment.swift in Sources */,
				9070C60E220FAC75006872E1 /* UILabel.swift in Sources */,
				9070C628220FDE32006872E1 /* UIViewController.swift in Sources */,
				9070C61A220FB435006872E1 /* Localized.swift in Sources */,
				907865C422103E29005BA78B /* HistoricTableViewCell.swift in Sources */,
				9070C5E9220F6F1C006872E1 /* MainViewController.swift in Sources */,
				9070C618220FB3D5006872E1 /* String.swift in Sources */,
				9070C610220FACAF006872E1 /* UITableViewCell.swift in Sources */,
				9070C612220FACD0006872E1 /* UITableView.swift in Sources */,
			);
			runOnlyForDeploymentPostprocessing = 0;
		};
/* End PBXSourcesBuildPhase section */

/* Begin PBXVariantGroup section */
		9070C5D3220F6078006872E1 /* LaunchScreen.storyboard */ = {
			isa = PBXVariantGroup;
			children = (
				9070C5D4220F6078006872E1 /* Base */,
			);
			name = LaunchScreen.storyboard;
			sourceTree = "<group>";
		};
		9070C61F220FB4BE006872E1 /* Localizable.strings */ = {
			isa = PBXVariantGroup;
			children = (
				9070C61E220FB4BE006872E1 /* en */,
				9070C620220FB4D4006872E1 /* pt-BR */,
			);
			name = Localizable.strings;
			sourceTree = "<group>";
		};
/* End PBXVariantGroup section */

/* Begin XCBuildConfiguration section */
		9070C5D7220F6078006872E1 /* Debug */ = {
			isa = XCBuildConfiguration;
			buildSettings = {
				ALWAYS_SEARCH_USER_PATHS = NO;
				CLANG_ANALYZER_LOCALIZABILITY_NONLOCALIZED = YES;
				CLANG_ANALYZER_NONNULL = YES;
				CLANG_ANALYZER_NUMBER_OBJECT_CONVERSION = YES_AGGRESSIVE;
				CLANG_CXX_LANGUAGE_STANDARD = "gnu++14";
				CLANG_CXX_LIBRARY = "libc++";
				CLANG_ENABLE_MODULES = YES;
				CLANG_ENABLE_OBJC_ARC = YES;
				CLANG_ENABLE_OBJC_WEAK = YES;
				CLANG_WARN_BLOCK_CAPTURE_AUTORELEASING = YES;
				CLANG_WARN_BOOL_CONVERSION = YES;
				CLANG_WARN_COMMA = YES;
				CLANG_WARN_CONSTANT_CONVERSION = YES;
				CLANG_WARN_DEPRECATED_OBJC_IMPLEMENTATIONS = YES;
				CLANG_WARN_DIRECT_OBJC_ISA_USAGE = YES_ERROR;
				CLANG_WARN_DOCUMENTATION_COMMENTS = YES;
				CLANG_WARN_EMPTY_BODY = YES;
				CLANG_WARN_ENUM_CONVERSION = YES;
				CLANG_WARN_INFINITE_RECURSION = YES;
				CLANG_WARN_INT_CONVERSION = YES;
				CLANG_WARN_NON_LITERAL_NULL_CONVERSION = YES;
				CLANG_WARN_OBJC_IMPLICIT_RETAIN_SELF = YES;
				CLANG_WARN_OBJC_LITERAL_CONVERSION = YES;
				CLANG_WARN_OBJC_ROOT_CLASS = YES_ERROR;
				CLANG_WARN_RANGE_LOOP_ANALYSIS = YES;
				CLANG_WARN_STRICT_PROTOTYPES = YES;
				CLANG_WARN_SUSPICIOUS_MOVE = YES;
				CLANG_WARN_UNGUARDED_AVAILABILITY = YES_AGGRESSIVE;
				CLANG_WARN_UNREACHABLE_CODE = YES;
				CLANG_WARN__DUPLICATE_METHOD_MATCH = YES;
				CODE_SIGN_IDENTITY = "iPhone Developer";
				COPY_PHASE_STRIP = NO;
				DEBUG_INFORMATION_FORMAT = dwarf;
				ENABLE_STRICT_OBJC_MSGSEND = YES;
				ENABLE_TESTABILITY = YES;
				GCC_C_LANGUAGE_STANDARD = gnu11;
				GCC_DYNAMIC_NO_PIC = NO;
				GCC_NO_COMMON_BLOCKS = YES;
				GCC_OPTIMIZATION_LEVEL = 0;
				GCC_PREPROCESSOR_DEFINITIONS = (
					"DEBUG=1",
					"$(inherited)",
				);
				GCC_WARN_64_TO_32_BIT_CONVERSION = YES;
				GCC_WARN_ABOUT_RETURN_TYPE = YES_ERROR;
				GCC_WARN_UNDECLARED_SELECTOR = YES;
				GCC_WARN_UNINITIALIZED_AUTOS = YES_AGGRESSIVE;
				GCC_WARN_UNUSED_FUNCTION = YES;
				GCC_WARN_UNUSED_VARIABLE = YES;
				IPHONEOS_DEPLOYMENT_TARGET = 12.1;
				MTL_ENABLE_DEBUG_INFO = INCLUDE_SOURCE;
				MTL_FAST_MATH = YES;
				ONLY_ACTIVE_ARCH = YES;
				SDKROOT = iphoneos;
				SWIFT_ACTIVE_COMPILATION_CONDITIONS = DEBUG;
				SWIFT_OPTIMIZATION_LEVEL = "-Onone";
			};
			name = Debug;
		};
		9070C5D8220F6078006872E1 /* Release */ = {
			isa = XCBuildConfiguration;
			buildSettings = {
				ALWAYS_SEARCH_USER_PATHS = NO;
				CLANG_ANALYZER_LOCALIZABILITY_NONLOCALIZED = YES;
				CLANG_ANALYZER_NONNULL = YES;
				CLANG_ANALYZER_NUMBER_OBJECT_CONVERSION = YES_AGGRESSIVE;
				CLANG_CXX_LANGUAGE_STANDARD = "gnu++14";
				CLANG_CXX_LIBRARY = "libc++";
				CLANG_ENABLE_MODULES = YES;
				CLANG_ENABLE_OBJC_ARC = YES;
				CLANG_ENABLE_OBJC_WEAK = YES;
				CLANG_WARN_BLOCK_CAPTURE_AUTORELEASING = YES;
				CLANG_WARN_BOOL_CONVERSION = YES;
				CLANG_WARN_COMMA = YES;
				CLANG_WARN_CONSTANT_CONVERSION = YES;
				CLANG_WARN_DEPRECATED_OBJC_IMPLEMENTATIONS = YES;
				CLANG_WARN_DIRECT_OBJC_ISA_USAGE = YES_ERROR;
				CLANG_WARN_DOCUMENTATION_COMMENTS = YES;
				CLANG_WARN_EMPTY_BODY = YES;
				CLANG_WARN_ENUM_CONVERSION = YES;
				CLANG_WARN_INFINITE_RECURSION = YES;
				CLANG_WARN_INT_CONVERSION = YES;
				CLANG_WARN_NON_LITERAL_NULL_CONVERSION = YES;
				CLANG_WARN_OBJC_IMPLICIT_RETAIN_SELF = YES;
				CLANG_WARN_OBJC_LITERAL_CONVERSION = YES;
				CLANG_WARN_OBJC_ROOT_CLASS = YES_ERROR;
				CLANG_WARN_RANGE_LOOP_ANALYSIS = YES;
				CLANG_WARN_STRICT_PROTOTYPES = YES;
				CLANG_WARN_SUSPICIOUS_MOVE = YES;
				CLANG_WARN_UNGUARDED_AVAILABILITY = YES_AGGRESSIVE;
				CLANG_WARN_UNREACHABLE_CODE = YES;
				CLANG_WARN__DUPLICATE_METHOD_MATCH = YES;
				CODE_SIGN_IDENTITY = "iPhone Developer";
				COPY_PHASE_STRIP = NO;
				DEBUG_INFORMATION_FORMAT = "dwarf-with-dsym";
				ENABLE_NS_ASSERTIONS = NO;
				ENABLE_STRICT_OBJC_MSGSEND = YES;
				GCC_C_LANGUAGE_STANDARD = gnu11;
				GCC_NO_COMMON_BLOCKS = YES;
				GCC_WARN_64_TO_32_BIT_CONVERSION = YES;
				GCC_WARN_ABOUT_RETURN_TYPE = YES_ERROR;
				GCC_WARN_UNDECLARED_SELECTOR = YES;
				GCC_WARN_UNINITIALIZED_AUTOS = YES_AGGRESSIVE;
				GCC_WARN_UNUSED_FUNCTION = YES;
				GCC_WARN_UNUSED_VARIABLE = YES;
				IPHONEOS_DEPLOYMENT_TARGET = 12.1;
				MTL_ENABLE_DEBUG_INFO = NO;
				MTL_FAST_MATH = YES;
				SDKROOT = iphoneos;
				SWIFT_COMPILATION_MODE = wholemodule;
				SWIFT_OPTIMIZATION_LEVEL = "-O";
				VALIDATE_PRODUCT = YES;
			};
			name = Release;
		};
		9070C5DA220F6078006872E1 /* Debug */ = {
			isa = XCBuildConfiguration;
			buildSettings = {
				ASSETCATALOG_COMPILER_APPICON_NAME = AppIcon;
				CODE_SIGN_STYLE = Automatic;
				DEVELOPMENT_TEAM = X6894J2449;
				INFOPLIST_FILE = recPag/Info.plist;
				IPHONEOS_DEPLOYMENT_TARGET = 11.0;
				LD_RUNPATH_SEARCH_PATHS = (
					"$(inherited)",
					"@executable_path/Frameworks",
				);
				PRODUCT_BUNDLE_IDENTIFIER = br.ufpe.cin.recPag;
				PRODUCT_NAME = "$(TARGET_NAME)";
				SWIFT_VERSION = 4.2;
				TARGETED_DEVICE_FAMILY = 1;
			};
			name = Debug;
		};
		9070C5DB220F6078006872E1 /* Release */ = {
			isa = XCBuildConfiguration;
			buildSettings = {
				ASSETCATALOG_COMPILER_APPICON_NAME = AppIcon;
				CODE_SIGN_STYLE = Automatic;
				DEVELOPMENT_TEAM = X6894J2449;
				INFOPLIST_FILE = recPag/Info.plist;
				IPHONEOS_DEPLOYMENT_TARGET = 11.0;
				LD_RUNPATH_SEARCH_PATHS = (
					"$(inherited)",
					"@executable_path/Frameworks",
				);
				PRODUCT_BUNDLE_IDENTIFIER = br.ufpe.cin.recPag;
				PRODUCT_NAME = "$(TARGET_NAME)";
				SWIFT_VERSION = 4.2;
				TARGETED_DEVICE_FAMILY = 1;
			};
			name = Release;
		};
/* End XCBuildConfiguration section */

/* Begin XCConfigurationList section */
		9070C5BF220F6077006872E1 /* Build configuration list for PBXProject "recPag" */ = {
			isa = XCConfigurationList;
			buildConfigurations = (
				9070C5D7220F6078006872E1 /* Debug */,
				9070C5D8220F6078006872E1 /* Release */,
			);
			defaultConfigurationIsVisible = 0;
			defaultConfigurationName = Release;
		};
		9070C5D9220F6078006872E1 /* Build configuration list for PBXNativeTarget "recPag" */ = {
			isa = XCConfigurationList;
			buildConfigurations = (
				9070C5DA220F6078006872E1 /* Debug */,
				9070C5DB220F6078006872E1 /* Release */,
			);
			defaultConfigurationIsVisible = 0;
			defaultConfigurationName = Release;
		};
/* End XCConfigurationList section */

/* Begin XCVersionGroup section */
		9070C5CE220F6077006872E1 /* recPag.xcdatamodeld */ = {
			isa = XCVersionGroup;
			children = (
				9070C5CF220F6077006872E1 /* recPag.xcdatamodel */,
			);
			currentVersion = 9070C5CF220F6077006872E1 /* recPag.xcdatamodel */;
			path = recPag.xcdatamodeld;
			sourceTree = "<group>";
			versionGroupType = wrapper.xcdatamodel;
		};
/* End XCVersionGroup section */
	};
	rootObject = 9070C5BC220F6077006872E1 /* Project object */;
}
